
Microsoft Visual Studio Solution File, Format Version 12.00
# Visual Studio Version 17
Project("{2150E333-8FDC-42A3-9474-1A3956D46DE8}") = "CMake", "CMake", "{7CDC3313-F227-349F-AEB4-B483110A395C}"
EndProject
Project("{2150E333-8FDC-42A3-9474-1A3956D46DE8}") = "SFML", "SFML", "{E1E8045E-B3A9-30FE-99E5-48000744C953}"
EndProject
Project("{8BC9CEB8-8B4A-11D0-8D11-00A0C91BC942}") = "ALL_BUILD", "ALL_BUILD.vcxproj", "{01F2F1A9-7F1E-366F-A090-19911A177C99}"
	ProjectSection(ProjectDependencies) = postProject
		{F6536370-8666-3215-9877-6A69E3BC7DF4} = {F6536370-8666-3215-9877-6A69E3BC7DF4}
		{3B6C6F07-A77D-3C48-A3A5-E60117630930} = {3B6C6F07-A77D-3C48-A3A5-E60117630930}
		{3AA09D68-5EE6-3050-A9CB-360D7ABB212E} = {3AA09D68-5EE6-3050-A9CB-360D7ABB212E}
		{00123582-C201-38C6-AAFC-96B7EFE28CDE} = {00123582-C201-38C6-AAFC-96B7EFE28CDE}
		{0032E24D-D4D1-324F-85F5-FAD563BCB547} = {0032E24D-D4D1-324F-85F5-FAD563BCB547}
		{FE4E6AF5-6D11-37C7-BBAC-4FB5277DC85C} = {FE4E6AF5-6D11-37C7-BBAC-4FB5277DC85C}
		{34EA569A-010C-3419-911F-6B4D6AEEFA3F} = {34EA569A-010C-3419-911F-6B4D6AEEFA3F}
	EndProjectSection
EndProject
Project("{8BC9CEB8-8B4A-11D0-8D11-00A0C91BC942}") = "INSTALL", "INSTALL.vcxproj", "{7594AC66-C946-3E83-B8FD-900486A7E7E3}"
	ProjectSection(ProjectDependencies) = postProject
		{01F2F1A9-7F1E-366F-A090-19911A177C99} = {01F2F1A9-7F1E-366F-A090-19911A177C99}
		{F6536370-8666-3215-9877-6A69E3BC7DF4} = {F6536370-8666-3215-9877-6A69E3BC7DF4}
	EndProjectSection
EndProject
Project("{8BC9CEB8-8B4A-11D0-8D11-00A0C91BC942}") = "PACKAGE", "PACKAGE.vcxproj", "{D7FE8FED-C7E7-3961-8466-AC34168EC85D}"
	ProjectSection(ProjectDependencies) = postProject
		{01F2F1A9-7F1E-366F-A090-19911A177C99} = {01F2F1A9-7F1E-366F-A090-19911A177C99}
		{F6536370-8666-3215-9877-6A69E3BC7DF4} = {F6536370-8666-3215-9877-6A69E3BC7DF4}
	EndProjectSection
EndProject
Project("{8BC9CEB8-8B4A-11D0-8D11-00A0C91BC942}") = "ZERO_CHECK", "ZERO_CHECK.vcxproj", "{F6536370-8666-3215-9877-6A69E3BC7DF4}"
	ProjectSection(ProjectDependencies) = postProject
	EndProjectSection
EndProject
Project("{8BC9CEB8-8B4A-11D0-8D11-00A0C91BC942}") = "sfml-audio", "src\SFML\Audio\sfml-audio.vcxproj", "{3B6C6F07-A77D-3C48-A3A5-E60117630930}"
	ProjectSection(ProjectDependencies) = postProject
		{F6536370-8666-3215-9877-6A69E3BC7DF4} = {F6536370-8666-3215-9877-6A69E3BC7DF4}
		{FE4E6AF5-6D11-37C7-BBAC-4FB5277DC85C} = {FE4E6AF5-6D11-37C7-BBAC-4FB5277DC85C}
	EndProjectSection
EndProject
Project("{8BC9CEB8-8B4A-11D0-8D11-00A0C91BC942}") = "sfml-graphics", "src\SFML\Graphics\sfml-graphics.vcxproj", "{3AA09D68-5EE6-3050-A9CB-360D7ABB212E}"
	ProjectSection(ProjectDependencies) = postProject
		{F6536370-8666-3215-9877-6A69E3BC7DF4} = {F6536370-8666-3215-9877-6A69E3BC7DF4}
		{FE4E6AF5-6D11-37C7-BBAC-4FB5277DC85C} = {FE4E6AF5-6D11-37C7-BBAC-4FB5277DC85C}
		{34EA569A-010C-3419-911F-6B4D6AEEFA3F} = {34EA569A-010C-3419-911F-6B4D6AEEFA3F}
	EndProjectSection
EndProject
Project("{8BC9CEB8-8B4A-11D0-8D11-00A0C91BC942}") = "sfml-main", "src\SFML\Main\sfml-main.vcxproj", "{00123582-C201-38C6-AAFC-96B7EFE28CDE}"
	ProjectSection(ProjectDependencies) = postProject
		{F6536370-8666-3215-9877-6A69E3BC7DF4} = {F6536370-8666-3215-9877-6A69E3BC7DF4}
	EndProjectSection
EndProject
Project("{8BC9CEB8-8B4A-11D0-8D11-00A0C91BC942}") = "sfml-network", "src\SFML\Network\sfml-network.vcxproj", "{0032E24D-D4D1-324F-85F5-FAD563BCB547}"
	ProjectSection(ProjectDependencies) = postProject
		{F6536370-8666-3215-9877-6A69E3BC7DF4} = {F6536370-8666-3215-9877-6A69E3BC7DF4}
		{FE4E6AF5-6D11-37C7-BBAC-4FB5277DC85C} = {FE4E6AF5-6D11-37C7-BBAC-4FB5277DC85C}
	EndProjectSection
EndProject
Project("{8BC9CEB8-8B4A-11D0-8D11-00A0C91BC942}") = "sfml-system", "src\SFML\System\sfml-system.vcxproj", "{FE4E6AF5-6D11-37C7-BBAC-4FB5277DC85C}"
	ProjectSection(ProjectDependencies) = postProject
		{F6536370-8666-3215-9877-6A69E3BC7DF4} = {F6536370-8666-3215-9877-6A69E3BC7DF4}
	EndProjectSection
EndProject
Project("{8BC9CEB8-8B4A-11D0-8D11-00A0C91BC942}") = "sfml-window", "src\SFML\Window\sfml-window.vcxproj", "{34EA569A-010C-3419-911F-6B4D6AEEFA3F}"
	ProjectSection(ProjectDependencies) = postProject
		{F6536370-8666-3215-9877-6A69E3BC7DF4} = {F6536370-8666-3215-9877-6A69E3BC7DF4}
		{FE4E6AF5-6D11-37C7-BBAC-4FB5277DC85C} = {FE4E6AF5-6D11-37C7-BBAC-4FB5277DC85C}
	EndProjectSection
EndProject
Global
	GlobalSection(SolutionConfigurationPlatforms) = preSolution
		Debug|x64 = Debug|x64
		Release|x64 = Release|x64
		MinSizeRel|x64 = MinSizeRel|x64
		RelWithDebInfo|x64 = RelWithDebInfo|x64
	EndGlobalSection
	GlobalSection(ProjectConfigurationPlatforms) = postSolution
		{01F2F1A9-7F1E-366F-A090-19911A177C99}.Debug|x64.ActiveCfg = Debug|x64
		{01F2F1A9-7F1E-366F-A090-19911A177C99}.Debug|x64.Build.0 = Debug|x64
		{01F2F1A9-7F1E-366F-A090-19911A177C99}.Release|x64.ActiveCfg = Release|x64
		{01F2F1A9-7F1E-366F-A090-19911A177C99}.Release|x64.Build.0 = Release|x64
		{01F2F1A9-7F1E-366F-A090-19911A177C99}.MinSizeRel|x64.ActiveCfg = MinSizeRel|x64
		{01F2F1A9-7F1E-366F-A090-19911A177C99}.MinSizeRel|x64.Build.0 = MinSizeRel|x64
		{01F2F1A9-7F1E-366F-A090-19911A177C99}.RelWithDebInfo|x64.ActiveCfg = RelWithDebInfo|x64
		{01F2F1A9-7F1E-366F-A090-19911A177C99}.RelWithDebInfo|x64.Build.0 = RelWithDebInfo|x64
		{7594AC66-C946-3E83-B8FD-900486A7E7E3}.Debug|x64.ActiveCfg = Debug|x64
		{7594AC66-C946-3E83-B8FD-900486A7E7E3}.Release|x64.ActiveCfg = Release|x64
		{7594AC66-C946-3E83-B8FD-900486A7E7E3}.MinSizeRel|x64.ActiveCfg = MinSizeRel|x64
		{7594AC66-C946-3E83-B8FD-900486A7E7E3}.RelWithDebInfo|x64.ActiveCfg = RelWithDebInfo|x64
		{D7FE8FED-C7E7-3961-8466-AC34168EC85D}.Debug|x64.ActiveCfg = Debug|x64
		{D7FE8FED-C7E7-3961-8466-AC34168EC85D}.Release|x64.ActiveCfg = Release|x64
		{D7FE8FED-C7E7-3961-8466-AC34168EC85D}.MinSizeRel|x64.ActiveCfg = MinSizeRel|x64
		{D7FE8FED-C7E7-3961-8466-AC34168EC85D}.RelWithDebInfo|x64.ActiveCfg = RelWithDebInfo|x64
		{F6536370-8666-3215-9877-6A69E3BC7DF4}.Debug|x64.ActiveCfg = Debug|x64
		{F6536370-8666-3215-9877-6A69E3BC7DF4}.Debug|x64.Build.0 = Debug|x64
		{F6536370-8666-3215-9877-6A69E3BC7DF4}.Release|x64.ActiveCfg = Release|x64
		{F6536370-8666-3215-9877-6A69E3BC7DF4}.Release|x64.Build.0 = Release|x64
		{F6536370-8666-3215-9877-6A69E3BC7DF4}.MinSizeRel|x64.ActiveCfg = MinSizeRel|x64
		{F6536370-8666-3215-9877-6A69E3BC7DF4}.MinSizeRel|x64.Build.0 = MinSizeRel|x64
		{F6536370-8666-3215-9877-6A69E3BC7DF4}.RelWithDebInfo|x64.ActiveCfg = RelWithDebInfo|x64
		{F6536370-8666-3215-9877-6A69E3BC7DF4}.RelWithDebInfo|x64.Build.0 = RelWithDebInfo|x64
		{3B6C6F07-A77D-3C48-A3A5-E60117630930}.Debug|x64.ActiveCfg = Debug|x64
		{3B6C6F07-A77D-3C48-A3A5-E60117630930}.Debug|x64.Build.0 = Debug|x64
		{3B6C6F07-A77D-3C48-A3A5-E60117630930}.Release|x64.ActiveCfg = Release|x64
		{3B6C6F07-A77D-3C48-A3A5-E60117630930}.Release|x64.Build.0 = Release|x64
		{3B6C6F07-A77D-3C48-A3A5-E60117630930}.MinSizeRel|x64.ActiveCfg = MinSizeRel|x64
		{3B6C6F07-A77D-3C48-A3A5-E60117630930}.MinSizeRel|x64.Build.0 = MinSizeRel|x64
		{3B6C6F07-A77D-3C48-A3A5-E60117630930}.RelWithDebInfo|x64.ActiveCfg = RelWithDebInfo|x64
		{3B6C6F07-A77D-3C48-A3A5-E60117630930}.RelWithDebInfo|x64.Build.0 = RelWithDebInfo|x64
		{3AA09D68-5EE6-3050-A9CB-360D7ABB212E}.Debug|x64.ActiveCfg = Debug|x64
		{3AA09D68-5EE6-3050-A9CB-360D7ABB212E}.Debug|x64.Build.0 = Debug|x64
		{3AA09D68-5EE6-3050-A9CB-360D7ABB212E}.Release|x64.ActiveCfg = Release|x64
		{3AA09D68-5EE6-3050-A9CB-360D7ABB212E}.Release|x64.Build.0 = Release|x64
		{3AA09D68-5EE6-3050-A9CB-360D7ABB212E}.MinSizeRel|x64.ActiveCfg = MinSizeRel|x64
		{3AA09D68-5EE6-3050-A9CB-360D7ABB212E}.MinSizeRel|x64.Build.0 = MinSizeRel|x64
		{3AA09D68-5EE6-3050-A9CB-360D7ABB212E}.RelWithDebInfo|x64.ActiveCfg = RelWithDebInfo|x64
		{3AA09D68-5EE6-3050-A9CB-360D7ABB212E}.RelWithDebInfo|x64.Build.0 = RelWithDebInfo|x64
		{00123582-C201-38C6-AAFC-96B7EFE28CDE}.Debug|x64.ActiveCfg = Debug|x64
		{00123582-C201-38C6-AAFC-96B7EFE28CDE}.Debug|x64.Build.0 = Debug|x64
		{00123582-C201-38C6-AAFC-96B7EFE28CDE}.Release|x64.ActiveCfg = Release|x64
		{00123582-C201-38C6-AAFC-96B7EFE28CDE}.Release|x64.Build.0 = Release|x64
		{00123582-C201-38C6-AAFC-96B7EFE28CDE}.MinSizeRel|x64.ActiveCfg = MinSizeRel|x64
		{00123582-C201-38C6-AAFC-96B7EFE28CDE}.MinSizeRel|x64.Build.0 = MinSizeRel|x64
		{00123582-C201-38C6-AAFC-96B7EFE28CDE}.RelWithDebInfo|x64.ActiveCfg = RelWithDebInfo|x64
		{00123582-C201-38C6-AAFC-96B7EFE28CDE}.RelWithDebInfo|x64.Build.0 = RelWithDebInfo|x64
		{0032E24D-D4D1-324F-85F5-FAD563BCB547}.Debug|x64.ActiveCfg = Debug|x64
		{0032E24D-D4D1-324F-85F5-FAD563BCB547}.Debug|x64.Build.0 = Debug|x64
		{0032E24D-D4D1-324F-85F5-FAD563BCB547}.Release|x64.ActiveCfg = Release|x64
		{0032E24D-D4D1-324F-85F5-FAD563BCB547}.Release|x64.Build.0 = Release|x64
		{0032E24D-D4D1-324F-85F5-FAD563BCB547}.MinSizeRel|x64.ActiveCfg = MinSizeRel|x64
		{0032E24D-D4D1-324F-85F5-FAD563BCB547}.MinSizeRel|x64.Build.0 = MinSizeRel|x64
		{0032E24D-D4D1-324F-85F5-FAD563BCB547}.RelWithDebInfo|x64.ActiveCfg = RelWithDebInfo|x64
		{0032E24D-D4D1-324F-85F5-FAD563BCB547}.RelWithDebInfo|x64.Build.0 = RelWithDebInfo|x64
		{FE4E6AF5-6D11-37C7-BBAC-4FB5277DC85C}.Debug|x64.ActiveCfg = Debug|x64
		{FE4E6AF5-6D11-37C7-BBAC-4FB5277DC85C}.Debug|x64.Build.0 = Debug|x64
		{FE4E6AF5-6D11-37C7-BBAC-4FB5277DC85C}.Release|x64.ActiveCfg = Release|x64
		{FE4E6AF5-6D11-37C7-BBAC-4FB5277DC85C}.Release|x64.Build.0 = Release|x64
		{FE4E6AF5-6D11-37C7-BBAC-4FB5277DC85C}.MinSizeRel|x64.ActiveCfg = MinSizeRel|x64
		{FE4E6AF5-6D11-37C7-BBAC-4FB5277DC85C}.MinSizeRel|x64.Build.0 = MinSizeRel|x64
		{FE4E6AF5-6D11-37C7-BBAC-4FB5277DC85C}.RelWithDebInfo|x64.ActiveCfg = RelWithDebInfo|x64
		{FE4E6AF5-6D11-37C7-BBAC-4FB5277DC85C}.RelWithDebInfo|x64.Build.0 = RelWithDebInfo|x64
		{34EA569A-010C-3419-911F-6B4D6AEEFA3F}.Debug|x64.ActiveCfg = Debug|x64
		{34EA569A-010C-3419-911F-6B4D6AEEFA3F}.Debug|x64.Build.0 = Debug|x64
		{34EA569A-010C-3419-911F-6B4D6AEEFA3F}.Release|x64.ActiveCfg = Release|x64
		{34EA569A-010C-3419-911F-6B4D6AEEFA3F}.Release|x64.Build.0 = Release|x64
		{34EA569A-010C-3419-911F-6B4D6AEEFA3F}.MinSizeRel|x64.ActiveCfg = MinSizeRel|x64
		{34EA569A-010C-3419-911F-6B4D6AEEFA3F}.MinSizeRel|x64.Build.0 = MinSizeRel|x64
		{34EA569A-010C-3419-911F-6B4D6AEEFA3F}.RelWithDebInfo|x64.ActiveCfg = RelWithDebInfo|x64
		{34EA569A-010C-3419-911F-6B4D6AEEFA3F}.RelWithDebInfo|x64.Build.0 = RelWithDebInfo|x64
	EndGlobalSection
	GlobalSection(NestedProjects) = preSolution
		{01F2F1A9-7F1E-366F-A090-19911A177C99} = {7CDC3313-F227-349F-AEB4-B483110A395C}
		{7594AC66-C946-3E83-B8FD-900486A7E7E3} = {7CDC3313-F227-349F-AEB4-B483110A395C}
		{D7FE8FED-C7E7-3961-8466-AC34168EC85D} = {7CDC3313-F227-349F-AEB4-B483110A395C}
		{F6536370-8666-3215-9877-6A69E3BC7DF4} = {7CDC3313-F227-349F-AEB4-B483110A395C}
		{3B6C6F07-A77D-3C48-A3A5-E60117630930} = {E1E8045E-B3A9-30FE-99E5-48000744C953}
		{3AA09D68-5EE6-3050-A9CB-360D7ABB212E} = {E1E8045E-B3A9-30FE-99E5-48000744C953}
		{00123582-C201-38C6-AAFC-96B7EFE28CDE} = {E1E8045E-B3A9-30FE-99E5-48000744C953}
		{0032E24D-D4D1-324F-85F5-FAD563BCB547} = {E1E8045E-B3A9-30FE-99E5-48000744C953}
		{FE4E6AF5-6D11-37C7-BBAC-4FB5277DC85C} = {E1E8045E-B3A9-30FE-99E5-48000744C953}
		{34EA569A-010C-3419-911F-6B4D6AEEFA3F} = {E1E8045E-B3A9-30FE-99E5-48000744C953}
	EndGlobalSection
	GlobalSection(ExtensibilityGlobals) = postSolution
		SolutionGuid = {ADA2B105-8F6E-360E-91B4-290B3537009E}
	EndGlobalSection
	GlobalSection(ExtensibilityAddIns) = postSolution
	EndGlobalSection
EndGlobal
