<?xml version="1.0" encoding="utf-8"?>
<Project ToolsVersion="17.0" xmlns="http://schemas.microsoft.com/developer/msbuild/2003">
  <ItemGroup>
    <CustomBuild Include="E:\programming\C++\MAI_laba_OOP_SFML\SFML-cmake\CMakeFiles\8bf45864306b82a25d95db21b502b1ba\PACKAGE_force.rule">
      <Filter>CMake Rules</Filter>
    </CustomBuild>
  </ItemGroup>
  <ItemGroup>
    <Filter Include="CMake Rules">
      <UniqueIdentifier>{5C66212E-56E1-3693-8EC4-32DEC6A7126C}</UniqueIdentifier>
    </Filter>
  </ItemGroup>
</Project>
